
Microsoft Visual Studio Solution File, Format Version 12.00
# Visual Studio 15
VisualStudioVersion = 15.0.26730.8
MinimumVisualStudioVersion = 10.0.40219.1
Project("{FAE04EC0-301F-11D3-BF4B-00C04F79EFBC}") = "Grades", "Grades\Grades.csproj", "{454F3174-B28B-49B4-8E96-4A502C3EFA9B}"
EndProject
Project("{FAE04EC0-301F-11D3-BF4B-00C04F79EFBC}") = "Grades.Tests", "Grades.Tests\Grades.Tests.csproj", "{7991B67A-64C1-448D-86F6-C8A2DF384BC0}"
EndProject
Global
	GlobalSection(SolutionConfigurationPlatforms) = preSolution
		Debug|Any CPU = Debug|Any CPU
		Release|Any CPU = Release|Any CPU
	EndGlobalSection
	GlobalSection(ProjectConfigurationPlatforms) = postSolution
		{454F3174-B28B-49B4-8E96-4A502C3EFA9B}.Debug|Any CPU.ActiveCfg = Debug|Any CPU
		{454F3174-B28B-49B4-8E96-4A502C3EFA9B}.Debug|Any CPU.Build.0 = Debug|Any CPU
		{454F3174-B28B-49B4-8E96-4A502C3EFA9B}.Release|Any CPU.ActiveCfg = Release|Any CPU
		{454F3174-B28B-49B4-8E96-4A502C3EFA9B}.Release|Any CPU.Build.0 = Release|Any CPU
		{7991B67A-64C1-448D-86F6-C8A2DF384BC0}.Debug|Any CPU.ActiveCfg = Debug|Any CPU
		{7991B67A-64C1-448D-86F6-C8A2DF384BC0}.Debug|Any CPU.Build.0 = Debug|Any CPU
		{7991B67A-64C1-448D-86F6-C8A2DF384BC0}.Release|Any CPU.ActiveCfg = Release|Any CPU
		{7991B67A-64C1-448D-86F6-C8A2DF384BC0}.Release|Any CPU.Build.0 = Release|Any CPU
	EndGlobalSection
	GlobalSection(SolutionProperties) = preSolution
		HideSolutionNode = FALSE
	EndGlobalSection
	GlobalSection(ExtensibilityGlobals) = postSolution
		SolutionGuid = {6A0BD1FF-B25A-4957-9DB3-40EBCEA3C2EB}
	EndGlobalSection
EndGlobal
